%{
  "artificery": {:hex, :artificery, "0.4.3", "0bc4260f988dcb9dda4b23f9fc3c6c8b99a6220a331534fdf5bf2fd0d4333b02", [:mix], [], "hexpm", "12e95333a30e20884e937abdbefa3e7f5e05609c2ba8cf37b33f000b9ffc0504"},
  "bunt": {:hex, :bunt, "0.2.0", "951c6e801e8b1d2cbe58ebbd3e616a869061ddadcc4863d0a2182541acae9a38", [:mix], [], "hexpm", "7af5c7e09fe1d40f76c8e4f9dd2be7cebd83909f31fee7cd0e9eadc567da8353"},
  "con_cache": {:hex, :con_cache, "0.14.0", "863acb90fa08017be3129074993af944cf7a4b6c3ee7c06c5cd0ed6b94fbc223", [:mix], [], "hexpm", "50887a8949377d0b707a3c6653b7610de06074751b52d0f267f52135f391aece"},
  "configparser_ex": {:hex, :configparser_ex, "4.0.0", "17e2b831cfa33a08c56effc610339b2986f0d82a9caa0ed18880a07658292ab6", [:mix], [], "hexpm", "02e6d1a559361a063cba7b75bc3eb2d6ad7e62730c551cc4703541fd11e65e5b"},
  "credo": {:hex, :credo, "1.5.1", "4fe303cc828412b9d21eed4eab60914c401e71f117f40243266aafb66f30d036", [:mix], [{:bunt, "~> 0.2.0", [hex: :bunt, repo: "hexpm", optional: false]}, {:file_system, "~> 0.2.8", [hex: :file_system, repo: "hexpm", optional: false]}, {:jason, "~> 1.0", [hex: :jason, repo: "hexpm", optional: false]}], "hexpm", "0b219ca4dcc89e4e7bc6ae7e6539c313e738e192e10b85275fa1e82b5203ecd7"},
  "dialyxir": {:hex, :dialyxir, "1.0.0", "6a1fa629f7881a9f5aaf3a78f094b2a51a0357c843871b8bc98824e7342d00a5", [:mix], [{:erlex, ">= 0.2.6", [hex: :erlex, repo: "hexpm", optional: false]}], "hexpm", "aeb06588145fac14ca08d8061a142d52753dbc2cf7f0d00fc1013f53f8654654"},
  "distillery": {:hex, :distillery, "2.1.1", "f9332afc2eec8a1a2b86f22429e068ef35f84a93ea1718265e740d90dd367814", [:mix], [{:artificery, "~> 0.2", [hex: :artificery, repo: "hexpm", optional: false]}], "hexpm", "bbc7008b0161a6f130d8d903b5b3232351fccc9c31a991f8fcbf2a12ace22995"},
  "erlex": {:hex, :erlex, "0.2.6", "c7987d15e899c7a2f34f5420d2a2ea0d659682c06ac607572df55a43753aa12e", [:mix], [], "hexpm", "2ed2e25711feb44d52b17d2780eabf998452f6efda104877a3881c2f8c0c0c75"},
  "ex2ms": {:hex, :ex2ms, "1.6.0", "f39bbd9ff1b0f27b3f707bab2d167066dd8965e7df1149b962d94c74615d0e09", [:mix], [], "hexpm", "0d1ab5e08421af5cd69146efb408dbb1ff77f38a2f4df5f086f2512dc8cf65bf"},
  "ex_rated": {:hex, :ex_rated, "2.0.0", "9772b1e5159d9f6067fb97da99fdc978be976605392e5e450692b2a5b3aab8ee", [:mix], [{:ex2ms, "~> 1.5", [hex: :ex2ms, repo: "hexpm", optional: false]}], "hexpm", "2468a791cb9daccaffc658fabd5b767f815be8c0ed118253931b77996419f443"},
  "file_system": {:hex, :file_system, "0.2.10", "fb082005a9cd1711c05b5248710f8826b02d7d1784e7c3451f9c1231d4fc162d", [:mix], [], "hexpm", "41195edbfb562a593726eda3b3e8b103a309b733ad25f3d642ba49696bf715dc"},
  "floki": {:hex, :floki, "0.29.0", "b1710d8c93a2f860dc2d7adc390dd808dc2fb8f78ee562304457b75f4c640881", [:mix], [{:html_entities, "~> 0.5.0", [hex: :html_entities, repo: "hexpm", optional: false]}], "hexpm", "008585ce64b9f74c07d32958ec9866f4b8a124bf4da1e2941b28e41384edaaad"},
  "html_entities": {:hex, :html_entities, "0.5.1", "1c9715058b42c35a2ab65edc5b36d0ea66dd083767bef6e3edb57870ef556549", [:mix], [], "hexpm", "30efab070904eb897ff05cd52fa61c1025d7f8ef3a9ca250bc4e6513d16c32de"},
  "jason": {:hex, :jason, "1.2.2", "ba43e3f2709fd1aa1dce90aaabfd039d000469c05c56f0b8e31978e03fa39052", [:mix], [{:decimal, "~> 1.0 or ~> 2.0", [hex: :decimal, repo: "hexpm", optional: true]}], "hexpm", "18a228f5f0058ee183f29f9eae0805c6e59d61c3b006760668d8d18ff0d12179"},
  "mime": {:hex, :mime, "1.5.0", "203ef35ef3389aae6d361918bf3f952fa17a09e8e43b5aa592b93eba05d0fb8d", [:mix], [], "hexpm", "55a94c0f552249fc1a3dd9cd2d3ab9de9d3c89b559c2bd01121f824834f24746"},
  "qex": {:hex, :qex, "0.5.0", "5a3a9becf67d4006377c4c247ffdaaa8ae5b3634a0caadb788dc24d6125068f4", [:mix], [], "hexpm", "4ad6f6421163cd8204509a119a5c9813cbb969cfb8d802a9dc49b968bffbac2a"},
  "stream_split": {:hex, :stream_split, "0.1.5", "29c4ad0961c50c890cc4bd8f0c658d67dae91c8689fb0d2395bf3914f18d719e", [:mix], [], "hexpm", "da9f8fcebfa6356ab73385e3f0612f2c4fd3ebe4a7e2e594e7421628de4a0236"},
  "sweet_xml": {:hex, :sweet_xml, "0.6.6", "fc3e91ec5dd7c787b6195757fbcf0abc670cee1e4172687b45183032221b66b8", [:mix], [], "hexpm", "2e1ec458f892ffa81f9f8386e3f35a1af6db7a7a37748a64478f13163a1f3573"},
  "tesla": {:hex, :tesla, "1.4.0", "1081bef0124b8bdec1c3d330bbe91956648fb008cf0d3950a369cda466a31a87", [:mix], [{:castore, "~> 0.1", [hex: :castore, repo: "hexpm", optional: true]}, {:exjsx, ">= 3.0.0", [hex: :exjsx, repo: "hexpm", optional: true]}, {:finch, "~> 0.3", [hex: :finch, repo: "hexpm", optional: true]}, {:fuse, "~> 2.4", [hex: :fuse, repo: "hexpm", optional: true]}, {:gun, "~> 1.3", [hex: :gun, repo: "hexpm", optional: true]}, {:hackney, "~> 1.6", [hex: :hackney, repo: "hexpm", optional: true]}, {:ibrowse, "~> 4.4.0", [hex: :ibrowse, repo: "hexpm", optional: true]}, {:jason, ">= 1.0.0", [hex: :jason, repo: "hexpm", optional: true]}, {:mime, "~> 1.0", [hex: :mime, repo: "hexpm", optional: false]}, {:mint, "~> 1.0", [hex: :mint, repo: "hexpm", optional: true]}, {:poison, ">= 1.0.0", [hex: :poison, repo: "hexpm", optional: true]}, {:telemetry, "~> 0.4", [hex: :telemetry, repo: "hexpm", optional: true]}], "hexpm", "bf1374a5569f5fca8e641363b63f7347d680d91388880979a33bc12a6eb3e0aa"},
}
